// !$*UTF8*$!
{
	archiveVersion = 1;
	classes = {
	};
	objectVersion = 46;
	objects = {

/* Begin PBXBuildFile section */
		5B6305351DDA65AB00A832AF /* AppDelegate.swift in Sources */ = {isa = PBXBuildFile; fileRef = 5B6305341DDA65AB00A832AF /* AppDelegate.swift */; };
		5B63053A1DDA65AB00A832AF /* Main.storyboard in Resources */ = {isa = PBXBuildFile; fileRef = 5B6305381DDA65AB00A832AF /* Main.storyboard */; };
		5B63053C1DDA65AB00A832AF /* Assets.xcassets in Resources */ = {isa = PBXBuildFile; fileRef = 5B63053B1DDA65AB00A832AF /* Assets.xcassets */; };
		5B63053F1DDA65AB00A832AF /* LaunchScreen.storyboard in Resources */ = {isa = PBXBuildFile; fileRef = 5B63053D1DDA65AB00A832AF /* LaunchScreen.storyboard */; };
		5B6305471DDA65E500A832AF /* Weather.swift in Sources */ = {isa = PBXBuildFile; fileRef = 5B6305461DDA65E500A832AF /* Weather.swift */; };
		5B6305491DDA673E00A832AF /* WeatherTableViewController.swift in Sources */ = {isa = PBXBuildFile; fileRef = 5B6305481DDA673E00A832AF /* WeatherTableViewController.swift */; };
		5B63054B1DDA697E00A832AF /* Forecast.swift in Sources */ = {isa = PBXBuildFile; fileRef = 5B63054A1DDA697E00A832AF /* Forecast.swift */; };
		5B63054E1DDA6CA200A832AF /* WeatherView.xib in Resources */ = {isa = PBXBuildFile; fileRef = 5B63054D1DDA6CA200A832AF /* WeatherView.xib */; };
		5B6305501DDA6D2900A832AF /* WeatherView.swift in Sources */ = {isa = PBXBuildFile; fileRef = 5B63054F1DDA6D2900A832AF /* WeatherView.swift */; };
		5B6305521DDA763900A832AF /* WeatherCell.swift in Sources */ = {isa = PBXBuildFile; fileRef = 5B6305511DDA763900A832AF /* WeatherCell.swift */; };
		7D5D05A21E1C4E3800EDC873 /* WeatherDetail.xib in Resources */ = {isa = PBXBuildFile; fileRef = 7D5D05A11E1C4E3800EDC873 /* WeatherDetail.xib */; };
		7D5D05A41E1C4F1700EDC873 /* WeatherDetail.swift in Sources */ = {isa = PBXBuildFile; fileRef = 7D5D05A31E1C4F1700EDC873 /* WeatherDetail.swift */; };
		7D5D05A61E1C51CC00EDC873 /* DetailWeatherViewController.swift in Sources */ = {isa = PBXBuildFile; fileRef = 7D5D05A51E1C51CC00EDC873 /* DetailWeatherViewController.swift */; };
/* End PBXBuildFile section */

/* Begin PBXFileReference section */
		5B6305311DDA65AB00A832AF /* CustomViews.app */ = {isa = PBXFileReference; explicitFileType = wrapper.application; includeInIndex = 0; path = CustomViews.app; sourceTree = BUILT_PRODUCTS_DIR; };
		5B6305341DDA65AB00A832AF /* AppDelegate.swift */ = {isa = PBXFileReference; lastKnownFileType = sourcecode.swift; path = AppDelegate.swift; sourceTree = "<group>"; };
		5B6305391DDA65AB00A832AF /* Base */ = {isa = PBXFileReference; lastKnownFileType = file.storyboard; name = Base; path = Base.lproj/Main.storyboard; sourceTree = "<group>"; };
		5B63053B1DDA65AB00A832AF /* Assets.xcassets */ = {isa = PBXFileReference; lastKnownFileType = folder.assetcatalog; path = Assets.xcassets; sourceTree = "<group>"; };
		5B63053E1DDA65AB00A832AF /* Base */ = {isa = PBXFileReference; lastKnownFileType = file.storyboard; name = Base; path = Base.lproj/LaunchScreen.storyboard; sourceTree = "<group>"; };
		5B6305401DDA65AB00A832AF /* Info.plist */ = {isa = PBXFileReference; lastKnownFileType = text.plist.xml; path = Info.plist; sourceTree = "<group>"; };
		5B6305461DDA65E500A832AF /* Weather.swift */ = {isa = PBXFileReference; fileEncoding = 4; lastKnownFileType = sourcecode.swift; path = Weather.swift; sourceTree = "<group>"; };
		5B6305481DDA673E00A832AF /* WeatherTableViewController.swift */ = {isa = PBXFileReference; fileEncoding = 4; lastKnownFileType = sourcecode.swift; path = WeatherTableViewController.swift; sourceTree = "<group>"; };
		5B63054A1DDA697E00A832AF /* Forecast.swift */ = {isa = PBXFileReference; fileEncoding = 4; lastKnownFileType = sourcecode.swift; path = Forecast.swift; sourceTree = "<group>"; };
		5B63054D1DDA6CA200A832AF /* WeatherView.xib */ = {isa = PBXFileReference; fileEncoding = 4; lastKnownFileType = file.xib; path = WeatherView.xib; sourceTree = "<group>"; };
		5B63054F1DDA6D2900A832AF /* WeatherView.swift */ = {isa = PBXFileReference; fileEncoding = 4; lastKnownFileType = sourcecode.swift; path = WeatherView.swift; sourceTree = "<group>"; };
		5B6305511DDA763900A832AF /* WeatherCell.swift */ = {isa = PBXFileReference; fileEncoding = 4; lastKnownFileType = sourcecode.swift; path = WeatherCell.swift; sourceTree = "<group>"; };
		7D5D05A11E1C4E3800EDC873 /* WeatherDetail.xib */ = {isa = PBXFileReference; fileEncoding = 4; lastKnownFileType = file.xib; path = WeatherDetail.xib; sourceTree = "<group>"; };
		7D5D05A31E1C4F1700EDC873 /* WeatherDetail.swift */ = {isa = PBXFileReference; fileEncoding = 4; lastKnownFileType = sourcecode.swift; path = WeatherDetail.swift; sourceTree = "<group>"; };
		7D5D05A51E1C51CC00EDC873 /* DetailWeatherViewController.swift */ = {isa = PBXFileReference; fileEncoding = 4; lastKnownFileType = sourcecode.swift; path = DetailWeatherViewController.swift; sourceTree = "<group>"; };
/* End PBXFileReference section */

/* Begin PBXFrameworksBuildPhase section */
		5B63052E1DDA65AA00A832AF /* Frameworks */ = {
			isa = PBXFrameworksBuildPhase;
			buildActionMask = 2147483647;
			files = (
			);
			runOnlyForDeploymentPostprocessing = 0;
		};
/* End PBXFrameworksBuildPhase section */

/* Begin PBXGroup section */
		5B6305281DDA65AA00A832AF = {
			isa = PBXGroup;
			children = (
				5B6305331DDA65AB00A832AF /* CustomViews */,
				5B6305321DDA65AB00A832AF /* Products */,
			);
			sourceTree = "<group>";
		};
		5B6305321DDA65AB00A832AF /* Products */ = {
			isa = PBXGroup;
			children = (
				5B6305311DDA65AB00A832AF /* CustomViews.app */,
			);
			name = Products;
			sourceTree = "<group>";
		};
		5B6305331DDA65AB00A832AF /* CustomViews */ = {
			isa = PBXGroup;
			children = (
				5B6305341DDA65AB00A832AF /* AppDelegate.swift */,
				5B6305381DDA65AB00A832AF /* Main.storyboard */,
				5B63054A1DDA697E00A832AF /* Forecast.swift */,
				5B6305461DDA65E500A832AF /* Weather.swift */,
				5B6305481DDA673E00A832AF /* WeatherTableViewController.swift */,
				5B63054D1DDA6CA200A832AF /* WeatherView.xib */,
				5B63054F1DDA6D2900A832AF /* WeatherView.swift */,
				5B6305511DDA763900A832AF /* WeatherCell.swift */,
				5B63054C1DDA6AA200A832AF /* Supporting Files */,
				7D5D05A11E1C4E3800EDC873 /* WeatherDetail.xib */,
				7D5D05A31E1C4F1700EDC873 /* WeatherDetail.swift */,
				7D5D05A51E1C51CC00EDC873 /* DetailWeatherViewController.swift */,
			);
			path = CustomViews;
			sourceTree = "<group>";
		};
		5B63054C1DDA6AA200A832AF /* Supporting Files */ = {
			isa = PBXGroup;
			children = (
				5B63053D1DDA65AB00A832AF /* LaunchScreen.storyboard */,
				5B6305401DDA65AB00A832AF /* Info.plist */,
				5B63053B1DDA65AB00A832AF /* Assets.xcassets */,
			);
			name = "Supporting Files";
			sourceTree = "<group>";
		};
/* End PBXGroup section */

/* Begin PBXNativeTarget section */
		5B6305301DDA65AA00A832AF /* CustomViews */ = {
			isa = PBXNativeTarget;
			buildConfigurationList = 5B6305431DDA65AB00A832AF /* Build configuration list for PBXNativeTarget "CustomViews" */;
			buildPhases = (
				5B63052D1DDA65AA00A832AF /* Sources */,
				5B63052E1DDA65AA00A832AF /* Frameworks */,
				5B63052F1DDA65AA00A832AF /* Resources */,
			);
			buildRules = (
			);
			dependencies = (
			);
			name = CustomViews;
			productName = CustomViews;
			productReference = 5B6305311DDA65AB00A832AF /* CustomViews.app */;
			productType = "com.apple.product-type.application";
		};
/* End PBXNativeTarget section */

/* Begin PBXProject section */
		5B6305291DDA65AA00A832AF /* Project object */ = {
			isa = PBXProject;
			attributes = {
				LastSwiftUpdateCheck = 0810;
				LastUpgradeCheck = 0810;
				ORGANIZATIONNAME = "Flatiron School";
				TargetAttributes = {
					5B6305301DDA65AA00A832AF = {
						CreatedOnToolsVersion = 8.1;
						DevelopmentTeam = KXY9EDFTF5;
						ProvisioningStyle = Automatic;
					};
				};
			};
			buildConfigurationList = 5B63052C1DDA65AA00A832AF /* Build configuration list for PBXProject "CustomViews" */;
			compatibilityVersion = "Xcode 3.2";
			developmentRegion = English;
			hasScannedForEncodings = 0;
			knownRegions = (
				en,
				Base,
			);
			mainGroup = 5B6305281DDA65AA00A832AF;
			productRefGroup = 5B6305321DDA65AB00A832AF /* Products */;
			projectDirPath = "";
			projectRoot = "";
			targets = (
				5B6305301DDA65AA00A832AF /* CustomViews */,
			);
		};
/* End PBXProject section */

/* Begin PBXResourcesBuildPhase section */
		5B63052F1DDA65AA00A832AF /* Resources */ = {
			isa = PBXResourcesBuildPhase;
			buildActionMask = 2147483647;
			files = (
				5B63053F1DDA65AB00A832AF /* LaunchScreen.storyboard in Resources */,
				5B63053C1DDA65AB00A832AF /* Assets.xcassets in Resources */,
				7D5D05A21E1C4E3800EDC873 /* WeatherDetail.xib in Resources */,
				5B63053A1DDA65AB00A832AF /* Main.storyboard in Resources */,
				5B63054E1DDA6CA200A832AF /* WeatherView.xib in Resources */,
			);
			runOnlyForDeploymentPostprocessing = 0;
		};
/* End PBXResourcesBuildPhase section */

/* Begin PBXSourcesBuildPhase section */
		5B63052D1DDA65AA00A832AF /* Sources */ = {
			isa = PBXSourcesBuildPhase;
			buildActionMask = 2147483647;
			files = (
				5B6305501DDA6D2900A832AF /* WeatherView.swift in Sources */,
				5B6305491DDA673E00A832AF /* WeatherTableViewController.swift in Sources */,
				7D5D05A61E1C51CC00EDC873 /* DetailWeatherViewController.swift in Sources */,
				7D5D05A41E1C4F1700EDC873 /* WeatherDetail.swift in Sources */,
				5B6305521DDA763900A832AF /* WeatherCell.swift in Sources */,
				5B6305471DDA65E500A832AF /* Weather.swift in Sources */,
				5B6305351DDA65AB00A832AF /* AppDelegate.swift in Sources */,
				5B63054B1DDA697E00A832AF /* Forecast.swift in Sources */,
			);
			runOnlyForDeploymentPostprocessing = 0;
		};
/* End PBXSourcesBuildPhase section */

/* Begin PBXVariantGroup section */
		5B6305381DDA65AB00A832AF /* Main.storyboard */ = {
			isa = PBXVariantGroup;
			children = (
				5B6305391DDA65AB00A832AF /* Base */,
			);
			name = Main.storyboard;
			sourceTree = "<group>";
		};
		5B63053D1DDA65AB00A832AF /* LaunchScreen.storyboard */ = {
			isa = PBXVariantGroup;
			children = (
				5B63053E1DDA65AB00A832AF /* Base */,
			);
			name = LaunchScreen.storyboard;
			sourceTree = "<group>";
		};
/* End PBXVariantGroup section */

/* Begin XCBuildConfiguration section */
		5B6305411DDA65AB00A832AF /* Debug */ = {
			isa = XCBuildConfiguration;
			buildSettings = {
				ALWAYS_SEARCH_USER_PATHS = NO;
				CLANG_ANALYZER_NONNULL = YES;
				CLANG_CXX_LANGUAGE_STANDARD = "gnu++0x";
				CLANG_CXX_LIBRARY = "libc++";
				CLANG_ENABLE_MODULES = YES;
				CLANG_ENABLE_OBJC_ARC = YES;
				CLANG_WARN_BOOL_CONVERSION = YES;
				CLANG_WARN_CONSTANT_CONVERSION = YES;
				CLANG_WARN_DIRECT_OBJC_ISA_USAGE = YES_ERROR;
				CLANG_WARN_DOCUMENTATION_COMMENTS = YES;
				CLANG_WARN_EMPTY_BODY = YES;
				CLANG_WARN_ENUM_CONVERSION = YES;
				CLANG_WARN_INFINITE_RECURSION = YES;
				CLANG_WARN_INT_CONVERSION = YES;
				CLANG_WARN_OBJC_ROOT_CLASS = YES_ERROR;
				CLANG_WARN_SUSPICIOUS_MOVES = YES;
				CLANG_WARN_UNREACHABLE_CODE = YES;
				CLANG_WARN__DUPLICATE_METHOD_MATCH = YES;
				"CODE_SIGN_IDENTITY[sdk=iphoneos*]" = "iPhone Developer";
				COPY_PHASE_STRIP = NO;
				DEBUG_INFORMATION_FORMAT = dwarf;
				ENABLE_STRICT_OBJC_MSGSEND = YES;
				ENABLE_TESTABILITY = YES;
				GCC_C_LANGUAGE_STANDARD = gnu99;
				GCC_DYNAMIC_NO_PIC = NO;
				GCC_NO_COMMON_BLOCKS = YES;
				GCC_OPTIMIZATION_LEVEL = 0;
				GCC_PREPROCESSOR_DEFINITIONS = (
					"DEBUG=1",
					"$(inherited)",
				);
				GCC_WARN_64_TO_32_BIT_CONVERSION = YES;
				GCC_WARN_ABOUT_RETURN_TYPE = YES_ERROR;
				GCC_WARN_UNDECLARED_SELECTOR = YES;
				GCC_WARN_UNINITIALIZED_AUTOS = YES_AGGRESSIVE;
				GCC_WARN_UNUSED_FUNCTION = YES;
				GCC_WARN_UNUSED_VARIABLE = YES;
				IPHONEOS_DEPLOYMENT_TARGET = 10.1;
				MTL_ENABLE_DEBUG_INFO = YES;
				ONLY_ACTIVE_ARCH = YES;
				SDKROOT = iphoneos;
				SWIFT_ACTIVE_COMPILATION_CONDITIONS = DEBUG;
				SWIFT_OPTIMIZATION_LEVEL = "-Onone";
			};
			name = Debug;
		};
		5B6305421DDA65AB00A832AF /* Release */ = {
			isa = XCBuildConfiguration;
			buildSettings = {
				ALWAYS_SEARCH_USER_PATHS = NO;
				CLANG_ANALYZER_NONNULL = YES;
				CLANG_CXX_LANGUAGE_STANDARD = "gnu++0x";
				CLANG_CXX_LIBRARY = "libc++";
				CLANG_ENABLE_MODULES = YES;
				CLANG_ENABLE_OBJC_ARC = YES;
				CLANG_WARN_BOOL_CONVERSION = YES;
				CLANG_WARN_CONSTANT_CONVERSION = YES;
				CLANG_WARN_DIRECT_OBJC_ISA_USAGE = YES_ERROR;
				CLANG_WARN_DOCUMENTATION_COMMENTS = YES;
				CLANG_WARN_EMPTY_BODY = YES;
				CLANG_WARN_ENUM_CONVERSION = YES;
				CLANG_WARN_INFINITE_RECURSION = YES;
				CLANG_WARN_INT_CONVERSION = YES;
				CLANG_WARN_OBJC_ROOT_CLASS = YES_ERROR;
				CLANG_WARN_SUSPICIOUS_MOVES = YES;
				CLANG_WARN_UNREACHABLE_CODE = YES;
				CLANG_WARN__DUPLICATE_METHOD_MATCH = YES;
				"CODE_SIGN_IDENTITY[sdk=iphoneos*]" = "iPhone Developer";
				COPY_PHASE_STRIP = NO;
				DEBUG_INFORMATION_FORMAT = "dwarf-with-dsym";
				ENABLE_NS_ASSERTIONS = NO;
				ENABLE_STRICT_OBJC_MSGSEND = YES;
				GCC_C_LANGUAGE_STANDARD = gnu99;
				GCC_NO_COMMON_BLOCKS = YES;
				GCC_WARN_64_TO_32_BIT_CONVERSION = YES;
				GCC_WARN_ABOUT_RETURN_TYPE = YES_ERROR;
				GCC_WARN_UNDECLARED_SELECTOR = YES;
				GCC_WARN_UNINITIALIZED_AUTOS = YES_AGGRESSIVE;
				GCC_WARN_UNUSED_FUNCTION = YES;
				GCC_WARN_UNUSED_VARIABLE = YES;
				IPHONEOS_DEPLOYMENT_TARGET = 10.1;
				MTL_ENABLE_DEBUG_INFO = NO;
				SDKROOT = iphoneos;
				SWIFT_OPTIMIZATION_LEVEL = "-Owholemodule";
				VALIDATE_PRODUCT = YES;
			};
			name = Release;
		};
		5B6305441DDA65AB00A832AF /* Debug */ = {
			isa = XCBuildConfiguration;
			buildSettings = {
				ASSETCATALOG_COMPILER_APPICON_NAME = AppIcon;
				DEVELOPMENT_TEAM = KXY9EDFTF5;
				INFOPLIST_FILE = CustomViews/Info.plist;
				LD_RUNPATH_SEARCH_PATHS = "$(inherited) @executable_path/Frameworks";
				PRODUCT_BUNDLE_IDENTIFIER = com.flatironSchool.CustomViews;
				PRODUCT_NAME = "$(TARGET_NAME)";
				SWIFT_VERSION = 3.0;
			};
			name = Debug;
		};
		5B6305451DDA65AB00A832AF /* Release */ = {
			isa = XCBuildConfiguration;
			buildSettings = {
				ASSETCATALOG_COMPILER_APPICON_NAME = AppIcon;
				DEVELOPMENT_TEAM = KXY9EDFTF5;
				INFOPLIST_FILE = CustomViews/Info.plist;
				LD_RUNPATH_SEARCH_PATHS = "$(inherited) @executable_path/Frameworks";
				PRODUCT_BUNDLE_IDENTIFIER = com.flatironSchool.CustomViews;
				PRODUCT_NAME = "$(TARGET_NAME)";
				SWIFT_VERSION = 3.0;
			};
			name = Release;
		};
/* End XCBuildConfiguration section */

/* Begin XCConfigurationList section */
		5B63052C1DDA65AA00A832AF /* Build configuration list for PBXProject "CustomViews" */ = {
			isa = XCConfigurationList;
			buildConfigurations = (
				5B6305411DDA65AB00A832AF /* Debug */,
				5B6305421DDA65AB00A832AF /* Release */,
			);
			defaultConfigurationIsVisible = 0;
			defaultConfigurationName = Release;
		};
		5B6305431DDA65AB00A832AF /* Build configuration list for PBXNativeTarget "CustomViews" */ = {
			isa = XCConfigurationList;
			buildConfigurations = (
				5B6305441DDA65AB00A832AF /* Debug */,
				5B6305451DDA65AB00A832AF /* Release */,
			);
			defaultConfigurationIsVisible = 0;
			defaultConfigurationName = Release;
		};
/* End XCConfigurationList section */
	};
	rootObject = 5B6305291DDA65AA00A832AF /* Project object */;
}
